
Microsoft Visual Studio Solution File, Format Version 12.00
# Visual Studio 15
VisualStudioVersion = 15.0.27428.2015
MinimumVisualStudioVersion = 10.0.40219.1
Project("{FAE04EC0-301F-11D3-BF4B-00C04F79EFBC}") = "TeamNames", "TeamNames\TeamNames.csproj", "{7100C372-F613-416C-9D96-09D8A1479C53}"
EndProject
Global
	GlobalSection(SolutionConfigurationPlatforms) = preSolution
		Debug|Any CPU = Debug|Any CPU
		Release|Any CPU = Release|Any CPU
	EndGlobalSection
	GlobalSection(ProjectConfigurationPlatforms) = postSolution
		{7100C372-F613-416C-9D96-09D8A1479C53}.Debug|Any CPU.ActiveCfg = Debug|Any CPU
		{7100C372-F613-416C-9D96-09D8A1479C53}.Debug|Any CPU.Build.0 = Debug|Any CPU
		{7100C372-F613-416C-9D96-09D8A1479C53}.Release|Any CPU.ActiveCfg = Release|Any CPU
		{7100C372-F613-416C-9D96-09D8A1479C53}.Release|Any CPU.Build.0 = Release|Any CPU
	EndGlobalSection
	GlobalSection(SolutionProperties) = preSolution
		HideSolutionNode = FALSE
	EndGlobalSection
	GlobalSection(ExtensibilityGlobals) = postSolution
		SolutionGuid = {2AAD3301-D91C-4DA7-86B5-789E55C90F0A}
	EndGlobalSection
EndGlobal
