
Microsoft Visual Studio Solution File, Format Version 12.00
# Visual Studio 15
VisualStudioVersion = 15.0.27428.2015
MinimumVisualStudioVersion = 10.0.40219.1
Project("{FAE04EC0-301F-11D3-BF4B-00C04F79EFBC}") = "RLEEncoding", "RLEEncoding\RLEEncoding.csproj", "{C9B6522E-E09D-460C-9987-F096CE2BF106}"
EndProject
Global
	GlobalSection(SolutionConfigurationPlatforms) = preSolution
		Debug|Any CPU = Debug|Any CPU
		Release|Any CPU = Release|Any CPU
	EndGlobalSection
	GlobalSection(ProjectConfigurationPlatforms) = postSolution
		{C9B6522E-E09D-460C-9987-F096CE2BF106}.Debug|Any CPU.ActiveCfg = Debug|Any CPU
		{C9B6522E-E09D-460C-9987-F096CE2BF106}.Debug|Any CPU.Build.0 = Debug|Any CPU
		{C9B6522E-E09D-460C-9987-F096CE2BF106}.Release|Any CPU.ActiveCfg = Release|Any CPU
		{C9B6522E-E09D-460C-9987-F096CE2BF106}.Release|Any CPU.Build.0 = Release|Any CPU
	EndGlobalSection
	GlobalSection(SolutionProperties) = preSolution
		HideSolutionNode = FALSE
	EndGlobalSection
	GlobalSection(ExtensibilityGlobals) = postSolution
		SolutionGuid = {97849E50-6DE5-4A39-B637-966AEA090A27}
	EndGlobalSection
EndGlobal
